
Microsoft Visual Studio Solution File, Format Version 12.00
# Visual Studio Version 17
VisualStudioVersion = 17.11.35312.102
MinimumVisualStudioVersion = 10.0.40219.1
Project("{FAE04EC0-301F-11D3-BF4B-00C04F79EFBC}") = "ParallelTaskPractice", "ParallelTaskPractice\ParallelTaskPractice.csproj", "{F7FBACC1-C962-4B16-9383-8692CF00CA09}"
EndProject
Global
	GlobalSection(SolutionConfigurationPlatforms) = preSolution
		Debug|Any CPU = Debug|Any CPU
		Release|Any CPU = Release|Any CPU
	EndGlobalSection
	GlobalSection(ProjectConfigurationPlatforms) = postSolution
		{F7FBACC1-C962-4B16-9383-8692CF00CA09}.Debug|Any CPU.ActiveCfg = Debug|Any CPU
		{F7FBACC1-C962-4B16-9383-8692CF00CA09}.Debug|Any CPU.Build.0 = Debug|Any CPU
		{F7FBACC1-C962-4B16-9383-8692CF00CA09}.Release|Any CPU.ActiveCfg = Release|Any CPU
		{F7FBACC1-C962-4B16-9383-8692CF00CA09}.Release|Any CPU.Build.0 = Release|Any CPU
	EndGlobalSection
	GlobalSection(SolutionProperties) = preSolution
		HideSolutionNode = FALSE
	EndGlobalSection
	GlobalSection(ExtensibilityGlobals) = postSolution
		SolutionGuid = {F1759B10-357E-4218-B982-F5EF1D9E161D}
	EndGlobalSection
EndGlobal
